
Microsoft Visual Studio Solution File, Format Version 12.00
# Visual Studio 15
VisualStudioVersion = 15.0.28307.645
MinimumVisualStudioVersion = 10.0.40219.1
Project("{FAE04EC0-301F-11D3-BF4B-00C04F79EFBC}") = "SeleniumWebDriver", "SeleniumWebDriver\SeleniumWebDriver.csproj", "{C0E0514B-7EDB-4FE4-B936-B505D0ABEDE5}"
EndProject
Global
	GlobalSection(SolutionConfigurationPlatforms) = preSolution
		Debug|Any CPU = Debug|Any CPU
		Release|Any CPU = Release|Any CPU
	EndGlobalSection
	GlobalSection(ProjectConfigurationPlatforms) = postSolution
		{C0E0514B-7EDB-4FE4-B936-B505D0ABEDE5}.Debug|Any CPU.ActiveCfg = Debug|Any CPU
		{C0E0514B-7EDB-4FE4-B936-B505D0ABEDE5}.Debug|Any CPU.Build.0 = Debug|Any CPU
		{C0E0514B-7EDB-4FE4-B936-B505D0ABEDE5}.Release|Any CPU.ActiveCfg = Release|Any CPU
		{C0E0514B-7EDB-4FE4-B936-B505D0ABEDE5}.Release|Any CPU.Build.0 = Release|Any CPU
	EndGlobalSection
	GlobalSection(SolutionProperties) = preSolution
		HideSolutionNode = FALSE
	EndGlobalSection
	GlobalSection(ExtensibilityGlobals) = postSolution
		SolutionGuid = {4EB3C9BF-8EF0-45F1-9E55-3A618B685930}
	EndGlobalSection
EndGlobal
