
Microsoft Visual Studio Solution File, Format Version 12.00
# Visual Studio 15
VisualStudioVersion = 15.0.28307.645
MinimumVisualStudioVersion = 10.0.40219.1
Project("{FAE04EC0-301F-11D3-BF4B-00C04F79EFBC}") = "LR3_UnitTesting", "LR3_UnitTesting\LR3_UnitTesting.csproj", "{02FEA03F-5C9C-45CA-88E3-D3B1BC5977F4}"
EndProject
Project("{FAE04EC0-301F-11D3-BF4B-00C04F79EFBC}") = "UnitTests", "UnitTests\UnitTests.csproj", "{D428427D-16ED-438A-A980-F5F00C2D5B06}"
EndProject
Global
	GlobalSection(SolutionConfigurationPlatforms) = preSolution
		Debug|Any CPU = Debug|Any CPU
		Release|Any CPU = Release|Any CPU
	EndGlobalSection
	GlobalSection(ProjectConfigurationPlatforms) = postSolution
		{02FEA03F-5C9C-45CA-88E3-D3B1BC5977F4}.Debug|Any CPU.ActiveCfg = Debug|Any CPU
		{02FEA03F-5C9C-45CA-88E3-D3B1BC5977F4}.Debug|Any CPU.Build.0 = Debug|Any CPU
		{02FEA03F-5C9C-45CA-88E3-D3B1BC5977F4}.Release|Any CPU.ActiveCfg = Release|Any CPU
		{02FEA03F-5C9C-45CA-88E3-D3B1BC5977F4}.Release|Any CPU.Build.0 = Release|Any CPU
		{D428427D-16ED-438A-A980-F5F00C2D5B06}.Debug|Any CPU.ActiveCfg = Debug|Any CPU
		{D428427D-16ED-438A-A980-F5F00C2D5B06}.Debug|Any CPU.Build.0 = Debug|Any CPU
		{D428427D-16ED-438A-A980-F5F00C2D5B06}.Release|Any CPU.ActiveCfg = Release|Any CPU
		{D428427D-16ED-438A-A980-F5F00C2D5B06}.Release|Any CPU.Build.0 = Release|Any CPU
	EndGlobalSection
	GlobalSection(SolutionProperties) = preSolution
		HideSolutionNode = FALSE
	EndGlobalSection
	GlobalSection(ExtensibilityGlobals) = postSolution
		SolutionGuid = {4C377249-378C-48EF-9311-B7614EB9F41C}
	EndGlobalSection
EndGlobal
